
Microsoft Visual Studio Solution File, Format Version 12.00
# Visual Studio Version 16
VisualStudioVersion = 16.0.29613.14
MinimumVisualStudioVersion = 10.0.40219.1
Project("{FAE04EC0-301F-11D3-BF4B-00C04F79EFBC}") = "EX04", "EX04\EX04.csproj", "{86C77226-BAFD-418B-A966-E9AE7ED91354}"
EndProject
Global
	GlobalSection(SolutionConfigurationPlatforms) = preSolution
		Debug|Any CPU = Debug|Any CPU
		Release|Any CPU = Release|Any CPU
	EndGlobalSection
	GlobalSection(ProjectConfigurationPlatforms) = postSolution
		{86C77226-BAFD-418B-A966-E9AE7ED91354}.Debug|Any CPU.ActiveCfg = Debug|Any CPU
		{86C77226-BAFD-418B-A966-E9AE7ED91354}.Debug|Any CPU.Build.0 = Debug|Any CPU
		{86C77226-BAFD-418B-A966-E9AE7ED91354}.Release|Any CPU.ActiveCfg = Release|Any CPU
		{86C77226-BAFD-418B-A966-E9AE7ED91354}.Release|Any CPU.Build.0 = Release|Any CPU
	EndGlobalSection
	GlobalSection(SolutionProperties) = preSolution
		HideSolutionNode = FALSE
	EndGlobalSection
	GlobalSection(ExtensibilityGlobals) = postSolution
		SolutionGuid = {2A38EEEE-F988-4836-A962-D51F05A9C236}
	EndGlobalSection
EndGlobal
