
Microsoft Visual Studio Solution File, Format Version 12.00
# Visual Studio Version 16
VisualStudioVersion = 16.0.29215.179
MinimumVisualStudioVersion = 10.0.40219.1
Project("{FAE04EC0-301F-11D3-BF4B-00C04F79EFBC}") = "EX01", "EX01\EX01.csproj", "{2D2D6427-AC80-4F40-889C-98EF78A291B6}"
EndProject
Global
	GlobalSection(SolutionConfigurationPlatforms) = preSolution
		Debug|Any CPU = Debug|Any CPU
		Release|Any CPU = Release|Any CPU
	EndGlobalSection
	GlobalSection(ProjectConfigurationPlatforms) = postSolution
		{2D2D6427-AC80-4F40-889C-98EF78A291B6}.Debug|Any CPU.ActiveCfg = Debug|Any CPU
		{2D2D6427-AC80-4F40-889C-98EF78A291B6}.Debug|Any CPU.Build.0 = Debug|Any CPU
		{2D2D6427-AC80-4F40-889C-98EF78A291B6}.Release|Any CPU.ActiveCfg = Release|Any CPU
		{2D2D6427-AC80-4F40-889C-98EF78A291B6}.Release|Any CPU.Build.0 = Release|Any CPU
	EndGlobalSection
	GlobalSection(SolutionProperties) = preSolution
		HideSolutionNode = FALSE
	EndGlobalSection
	GlobalSection(ExtensibilityGlobals) = postSolution
		SolutionGuid = {E4D9BE53-DB7F-43AB-9E2F-82FA7306BED8}
	EndGlobalSection
EndGlobal
