
Microsoft Visual Studio Solution File, Format Version 12.00
# Visual Studio Version 16
VisualStudioVersion = 16.0.29215.179
MinimumVisualStudioVersion = 10.0.40219.1
Project("{FAE04EC0-301F-11D3-BF4B-00C04F79EFBC}") = "EX03", "EX03\EX03.csproj", "{51E3612B-6065-4527-8B0A-5588538DDEE3}"
EndProject
Global
	GlobalSection(SolutionConfigurationPlatforms) = preSolution
		Debug|Any CPU = Debug|Any CPU
		Release|Any CPU = Release|Any CPU
	EndGlobalSection
	GlobalSection(ProjectConfigurationPlatforms) = postSolution
		{51E3612B-6065-4527-8B0A-5588538DDEE3}.Debug|Any CPU.ActiveCfg = Debug|Any CPU
		{51E3612B-6065-4527-8B0A-5588538DDEE3}.Debug|Any CPU.Build.0 = Debug|Any CPU
		{51E3612B-6065-4527-8B0A-5588538DDEE3}.Release|Any CPU.ActiveCfg = Release|Any CPU
		{51E3612B-6065-4527-8B0A-5588538DDEE3}.Release|Any CPU.Build.0 = Release|Any CPU
	EndGlobalSection
	GlobalSection(SolutionProperties) = preSolution
		HideSolutionNode = FALSE
	EndGlobalSection
	GlobalSection(ExtensibilityGlobals) = postSolution
		SolutionGuid = {BAE01E06-7B8F-4C33-9D37-7FAD110B9523}
	EndGlobalSection
EndGlobal
